
Microsoft Visual Studio Solution File, Format Version 12.00
# Visual Studio Version 17
VisualStudioVersion = 17.5.33414.496
MinimumVisualStudioVersion = 10.0.40219.1
Project("{FAE04EC0-301F-11D3-BF4B-00C04F79EFBC}") = "AddressBook", "AddressBook.csproj", "{96FAE397-C8E2-409F-9978-002F502B5000}"
EndProject
Global
	GlobalSection(SolutionConfigurationPlatforms) = preSolution
		Debug|Any CPU = Debug|Any CPU
		Release|Any CPU = Release|Any CPU
	EndGlobalSection
	GlobalSection(ProjectConfigurationPlatforms) = postSolution
		{96FAE397-C8E2-409F-9978-002F502B5000}.Debug|Any CPU.ActiveCfg = Debug|Any CPU
		{96FAE397-C8E2-409F-9978-002F502B5000}.Debug|Any CPU.Build.0 = Debug|Any CPU
		{96FAE397-C8E2-409F-9978-002F502B5000}.Release|Any CPU.ActiveCfg = Release|Any CPU
		{96FAE397-C8E2-409F-9978-002F502B5000}.Release|Any CPU.Build.0 = Release|Any CPU
	EndGlobalSection
	GlobalSection(SolutionProperties) = preSolution
		HideSolutionNode = FALSE
	EndGlobalSection
	GlobalSection(ExtensibilityGlobals) = postSolution
		SolutionGuid = {C61B30CD-A772-430C-A831-87805C41AA87}
	EndGlobalSection
EndGlobal
